
Microsoft Visual Studio Solution File, Format Version 12.00
Project("{FAE04EC0-301F-11D3-BF4B-00C04F79EFBC}") = "Aufgabe1", "Aufgabe1\Aufgabe1.csproj", "{AC467C22-8867-4EB4-8D91-6ED0BB3D3A25}"
EndProject
Project("{FAE04EC0-301F-11D3-BF4B-00C04F79EFBC}") = "Aufgabe2", "Aufgabe2\Aufgabe2.csproj", "{3B654C7A-A8B5-4FDE-BA49-347647570ABE}"
EndProject
Project("{FAE04EC0-301F-11D3-BF4B-00C04F79EFBC}") = "Aufgabe3", "Aufgabe3\Aufgabe3.csproj", "{A39FC66F-DBFF-40DD-92E4-5B091B68CC37}"
EndProject
Project("{FAE04EC0-301F-11D3-BF4B-00C04F79EFBC}") = "Aufgabe4", "Aufgabe4\Aufgabe4.csproj", "{0E6B4AD7-0DA2-48DA-B032-8014B400ECCC}"
EndProject
Project("{FAE04EC0-301F-11D3-BF4B-00C04F79EFBC}") = "Aufgabe5", "Aufgabe5\Aufgabe5.csproj", "{0A40C02A-22FD-4230-A566-3BDE260F1630}"
EndProject
Project("{FAE04EC0-301F-11D3-BF4B-00C04F79EFBC}") = "Aufgabe6", "Aufgabe6\Aufgabe6.csproj", "{DF86B6F0-706A-4216-96D6-2E5B06890139}"
EndProject
Project("{FAE04EC0-301F-11D3-BF4B-00C04F79EFBC}") = "Aufgabe7", "Aufgabe7\Aufgabe7.csproj", "{55300FD8-7B32-44A1-934A-8AB4E298C975}"
EndProject
Project("{FAE04EC0-301F-11D3-BF4B-00C04F79EFBC}") = "Aufgabe8", "Aufgabe8\Aufgabe8.csproj", "{1D5A28EC-3393-4C25-9C6D-BC685ACF30D4}"
EndProject
Project("{FAE04EC0-301F-11D3-BF4B-00C04F79EFBC}") = "Aufgabe9", "Aufgabe9\Aufgabe9.csproj", "{712BD0D9-3A03-4260-A419-EF05E45548DB}"
EndProject
Project("{FAE04EC0-301F-11D3-BF4B-00C04F79EFBC}") = "Aufgabe10", "Aufgabe10\Aufgabe10.csproj", "{5FC5FD96-866C-4230-93A7-093B05FE78DA}"
EndProject
Project("{FAE04EC0-301F-11D3-BF4B-00C04F79EFBC}") = "Aufgabe11", "Aufgabe11\Aufgabe11.csproj", "{AE19750D-AD49-49BA-A202-721A8A608CD6}"
EndProject
Project("{FAE04EC0-301F-11D3-BF4B-00C04F79EFBC}") = "Aufgabe12", "Aufgabe12\Aufgabe12.csproj", "{BF488084-16FA-4DBD-9CFB-F5944DCACD2B}"
EndProject
Project("{FAE04EC0-301F-11D3-BF4B-00C04F79EFBC}") = "Aufgabe13", "Aufgabe13\Aufgabe13.csproj", "{8A75DBE3-B238-4698-A751-9048A7A0BA21}"
EndProject
Project("{FAE04EC0-301F-11D3-BF4B-00C04F79EFBC}") = "Aufgabe14", "Aufgabe14\Aufgabe14.csproj", "{970C85EB-DA3B-4346-8D58-CE2ED51F2B3F}"
EndProject
Project("{FAE04EC0-301F-11D3-BF4B-00C04F79EFBC}") = "Aufgabe15", "Aufgabe15\Aufgabe15.csproj", "{A28D1440-8EDC-4893-B386-A422B9E53447}"
EndProject
Project("{FAE04EC0-301F-11D3-BF4B-00C04F79EFBC}") = "Aufgabe16", "Aufgabe16\Aufgabe16.csproj", "{B93F8643-FF12-4C4A-927E-4DEE05127CB8}"
EndProject
Project("{FAE04EC0-301F-11D3-BF4B-00C04F79EFBC}") = "Aufgabe17", "Aufgabe17\Aufgabe17.csproj", "{2FC3714C-A46A-4E81-9AF5-3692D2778611}"
EndProject
Project("{FAE04EC0-301F-11D3-BF4B-00C04F79EFBC}") = "Aufgabe18", "Aufgabe18\Aufgabe18.csproj", "{86C3B06B-1AA7-4B73-A833-700089A35D4C}"
EndProject
Project("{FAE04EC0-301F-11D3-BF4B-00C04F79EFBC}") = "Aufgabe19", "Aufgabe19\Aufgabe19.csproj", "{434B3EBF-B1EF-43F2-8F71-182321613FEC}"
EndProject
Project("{FAE04EC0-301F-11D3-BF4B-00C04F79EFBC}") = "Aufgabe20", "Aufgabe20\Aufgabe20.csproj", "{B0CD45F0-2C2E-4C40-908A-6F8AF540FD04}"
EndProject
Global
	GlobalSection(SolutionConfigurationPlatforms) = preSolution
		Debug|Any CPU = Debug|Any CPU
		Release|Any CPU = Release|Any CPU
	EndGlobalSection
	GlobalSection(ProjectConfigurationPlatforms) = postSolution
		{AC467C22-8867-4EB4-8D91-6ED0BB3D3A25}.Debug|Any CPU.ActiveCfg = Debug|Any CPU
		{AC467C22-8867-4EB4-8D91-6ED0BB3D3A25}.Debug|Any CPU.Build.0 = Debug|Any CPU
		{AC467C22-8867-4EB4-8D91-6ED0BB3D3A25}.Release|Any CPU.ActiveCfg = Release|Any CPU
		{AC467C22-8867-4EB4-8D91-6ED0BB3D3A25}.Release|Any CPU.Build.0 = Release|Any CPU
		{3B654C7A-A8B5-4FDE-BA49-347647570ABE}.Debug|Any CPU.ActiveCfg = Debug|Any CPU
		{3B654C7A-A8B5-4FDE-BA49-347647570ABE}.Debug|Any CPU.Build.0 = Debug|Any CPU
		{3B654C7A-A8B5-4FDE-BA49-347647570ABE}.Release|Any CPU.ActiveCfg = Release|Any CPU
		{3B654C7A-A8B5-4FDE-BA49-347647570ABE}.Release|Any CPU.Build.0 = Release|Any CPU
		{A39FC66F-DBFF-40DD-92E4-5B091B68CC37}.Debug|Any CPU.ActiveCfg = Debug|Any CPU
		{A39FC66F-DBFF-40DD-92E4-5B091B68CC37}.Debug|Any CPU.Build.0 = Debug|Any CPU
		{A39FC66F-DBFF-40DD-92E4-5B091B68CC37}.Release|Any CPU.ActiveCfg = Release|Any CPU
		{A39FC66F-DBFF-40DD-92E4-5B091B68CC37}.Release|Any CPU.Build.0 = Release|Any CPU
		{0E6B4AD7-0DA2-48DA-B032-8014B400ECCC}.Debug|Any CPU.ActiveCfg = Debug|Any CPU
		{0E6B4AD7-0DA2-48DA-B032-8014B400ECCC}.Debug|Any CPU.Build.0 = Debug|Any CPU
		{0E6B4AD7-0DA2-48DA-B032-8014B400ECCC}.Release|Any CPU.ActiveCfg = Release|Any CPU
		{0E6B4AD7-0DA2-48DA-B032-8014B400ECCC}.Release|Any CPU.Build.0 = Release|Any CPU
		{0A40C02A-22FD-4230-A566-3BDE260F1630}.Debug|Any CPU.ActiveCfg = Debug|Any CPU
		{0A40C02A-22FD-4230-A566-3BDE260F1630}.Debug|Any CPU.Build.0 = Debug|Any CPU
		{0A40C02A-22FD-4230-A566-3BDE260F1630}.Release|Any CPU.ActiveCfg = Release|Any CPU
		{0A40C02A-22FD-4230-A566-3BDE260F1630}.Release|Any CPU.Build.0 = Release|Any CPU
		{DF86B6F0-706A-4216-96D6-2E5B06890139}.Debug|Any CPU.ActiveCfg = Debug|Any CPU
		{DF86B6F0-706A-4216-96D6-2E5B06890139}.Debug|Any CPU.Build.0 = Debug|Any CPU
		{DF86B6F0-706A-4216-96D6-2E5B06890139}.Release|Any CPU.ActiveCfg = Release|Any CPU
		{DF86B6F0-706A-4216-96D6-2E5B06890139}.Release|Any CPU.Build.0 = Release|Any CPU
		{55300FD8-7B32-44A1-934A-8AB4E298C975}.Debug|Any CPU.ActiveCfg = Debug|Any CPU
		{55300FD8-7B32-44A1-934A-8AB4E298C975}.Debug|Any CPU.Build.0 = Debug|Any CPU
		{55300FD8-7B32-44A1-934A-8AB4E298C975}.Release|Any CPU.ActiveCfg = Release|Any CPU
		{55300FD8-7B32-44A1-934A-8AB4E298C975}.Release|Any CPU.Build.0 = Release|Any CPU
		{1D5A28EC-3393-4C25-9C6D-BC685ACF30D4}.Debug|Any CPU.ActiveCfg = Debug|Any CPU
		{1D5A28EC-3393-4C25-9C6D-BC685ACF30D4}.Debug|Any CPU.Build.0 = Debug|Any CPU
		{1D5A28EC-3393-4C25-9C6D-BC685ACF30D4}.Release|Any CPU.ActiveCfg = Release|Any CPU
		{1D5A28EC-3393-4C25-9C6D-BC685ACF30D4}.Release|Any CPU.Build.0 = Release|Any CPU
		{712BD0D9-3A03-4260-A419-EF05E45548DB}.Debug|Any CPU.ActiveCfg = Debug|Any CPU
		{712BD0D9-3A03-4260-A419-EF05E45548DB}.Debug|Any CPU.Build.0 = Debug|Any CPU
		{712BD0D9-3A03-4260-A419-EF05E45548DB}.Release|Any CPU.ActiveCfg = Release|Any CPU
		{712BD0D9-3A03-4260-A419-EF05E45548DB}.Release|Any CPU.Build.0 = Release|Any CPU
		{5FC5FD96-866C-4230-93A7-093B05FE78DA}.Debug|Any CPU.ActiveCfg = Debug|Any CPU
		{5FC5FD96-866C-4230-93A7-093B05FE78DA}.Debug|Any CPU.Build.0 = Debug|Any CPU
		{5FC5FD96-866C-4230-93A7-093B05FE78DA}.Release|Any CPU.ActiveCfg = Release|Any CPU
		{5FC5FD96-866C-4230-93A7-093B05FE78DA}.Release|Any CPU.Build.0 = Release|Any CPU
		{AE19750D-AD49-49BA-A202-721A8A608CD6}.Debug|Any CPU.ActiveCfg = Debug|Any CPU
		{AE19750D-AD49-49BA-A202-721A8A608CD6}.Debug|Any CPU.Build.0 = Debug|Any CPU
		{AE19750D-AD49-49BA-A202-721A8A608CD6}.Release|Any CPU.ActiveCfg = Release|Any CPU
		{AE19750D-AD49-49BA-A202-721A8A608CD6}.Release|Any CPU.Build.0 = Release|Any CPU
		{BF488084-16FA-4DBD-9CFB-F5944DCACD2B}.Debug|Any CPU.ActiveCfg = Debug|Any CPU
		{BF488084-16FA-4DBD-9CFB-F5944DCACD2B}.Debug|Any CPU.Build.0 = Debug|Any CPU
		{BF488084-16FA-4DBD-9CFB-F5944DCACD2B}.Release|Any CPU.ActiveCfg = Release|Any CPU
		{BF488084-16FA-4DBD-9CFB-F5944DCACD2B}.Release|Any CPU.Build.0 = Release|Any CPU
		{8A75DBE3-B238-4698-A751-9048A7A0BA21}.Debug|Any CPU.ActiveCfg = Debug|Any CPU
		{8A75DBE3-B238-4698-A751-9048A7A0BA21}.Debug|Any CPU.Build.0 = Debug|Any CPU
		{8A75DBE3-B238-4698-A751-9048A7A0BA21}.Release|Any CPU.ActiveCfg = Release|Any CPU
		{8A75DBE3-B238-4698-A751-9048A7A0BA21}.Release|Any CPU.Build.0 = Release|Any CPU
		{970C85EB-DA3B-4346-8D58-CE2ED51F2B3F}.Debug|Any CPU.ActiveCfg = Debug|Any CPU
		{970C85EB-DA3B-4346-8D58-CE2ED51F2B3F}.Debug|Any CPU.Build.0 = Debug|Any CPU
		{970C85EB-DA3B-4346-8D58-CE2ED51F2B3F}.Release|Any CPU.ActiveCfg = Release|Any CPU
		{970C85EB-DA3B-4346-8D58-CE2ED51F2B3F}.Release|Any CPU.Build.0 = Release|Any CPU
		{A28D1440-8EDC-4893-B386-A422B9E53447}.Debug|Any CPU.ActiveCfg = Debug|Any CPU
		{A28D1440-8EDC-4893-B386-A422B9E53447}.Debug|Any CPU.Build.0 = Debug|Any CPU
		{A28D1440-8EDC-4893-B386-A422B9E53447}.Release|Any CPU.ActiveCfg = Release|Any CPU
		{A28D1440-8EDC-4893-B386-A422B9E53447}.Release|Any CPU.Build.0 = Release|Any CPU
		{B93F8643-FF12-4C4A-927E-4DEE05127CB8}.Debug|Any CPU.ActiveCfg = Debug|Any CPU
		{B93F8643-FF12-4C4A-927E-4DEE05127CB8}.Debug|Any CPU.Build.0 = Debug|Any CPU
		{B93F8643-FF12-4C4A-927E-4DEE05127CB8}.Release|Any CPU.ActiveCfg = Release|Any CPU
		{B93F8643-FF12-4C4A-927E-4DEE05127CB8}.Release|Any CPU.Build.0 = Release|Any CPU
		{2FC3714C-A46A-4E81-9AF5-3692D2778611}.Debug|Any CPU.ActiveCfg = Debug|Any CPU
		{2FC3714C-A46A-4E81-9AF5-3692D2778611}.Debug|Any CPU.Build.0 = Debug|Any CPU
		{2FC3714C-A46A-4E81-9AF5-3692D2778611}.Release|Any CPU.ActiveCfg = Release|Any CPU
		{2FC3714C-A46A-4E81-9AF5-3692D2778611}.Release|Any CPU.Build.0 = Release|Any CPU
		{86C3B06B-1AA7-4B73-A833-700089A35D4C}.Debug|Any CPU.ActiveCfg = Debug|Any CPU
		{86C3B06B-1AA7-4B73-A833-700089A35D4C}.Debug|Any CPU.Build.0 = Debug|Any CPU
		{86C3B06B-1AA7-4B73-A833-700089A35D4C}.Release|Any CPU.ActiveCfg = Release|Any CPU
		{86C3B06B-1AA7-4B73-A833-700089A35D4C}.Release|Any CPU.Build.0 = Release|Any CPU
		{434B3EBF-B1EF-43F2-8F71-182321613FEC}.Debug|Any CPU.ActiveCfg = Debug|Any CPU
		{434B3EBF-B1EF-43F2-8F71-182321613FEC}.Debug|Any CPU.Build.0 = Debug|Any CPU
		{434B3EBF-B1EF-43F2-8F71-182321613FEC}.Release|Any CPU.ActiveCfg = Release|Any CPU
		{434B3EBF-B1EF-43F2-8F71-182321613FEC}.Release|Any CPU.Build.0 = Release|Any CPU
		{B0CD45F0-2C2E-4C40-908A-6F8AF540FD04}.Debug|Any CPU.ActiveCfg = Debug|Any CPU
		{B0CD45F0-2C2E-4C40-908A-6F8AF540FD04}.Debug|Any CPU.Build.0 = Debug|Any CPU
		{B0CD45F0-2C2E-4C40-908A-6F8AF540FD04}.Release|Any CPU.ActiveCfg = Release|Any CPU
		{B0CD45F0-2C2E-4C40-908A-6F8AF540FD04}.Release|Any CPU.Build.0 = Release|Any CPU
	EndGlobalSection
EndGlobal
